
Microsoft Visual Studio Solution File, Format Version 12.00
# Visual Studio Version 17
VisualStudioVersion = 17.14.36121.58 d17.14
MinimumVisualStudioVersion = 10.0.40219.1
Project("{FAE04EC0-301F-11D3-BF4B-00C04F79EFBC}") = "LLM", "LLM.csproj", "{97D0F04E-BB10-4847-81EB-9BDEACAA4F4E}"
EndProject
Global
	GlobalSection(SolutionConfigurationPlatforms) = preSolution
		Debug|Any CPU = Debug|Any CPU
		Release|Any CPU = Release|Any CPU
	EndGlobalSection
	GlobalSection(ProjectConfigurationPlatforms) = postSolution
		{97D0F04E-BB10-4847-81EB-9BDEACAA4F4E}.Debug|Any CPU.ActiveCfg = Debug|Any CPU
		{97D0F04E-BB10-4847-81EB-9BDEACAA4F4E}.Debug|Any CPU.Build.0 = Debug|Any CPU
		{97D0F04E-BB10-4847-81EB-9BDEACAA4F4E}.Release|Any CPU.ActiveCfg = Release|Any CPU
		{97D0F04E-BB10-4847-81EB-9BDEACAA4F4E}.Release|Any CPU.Build.0 = Release|Any CPU
	EndGlobalSection
	GlobalSection(SolutionProperties) = preSolution
		HideSolutionNode = FALSE
	EndGlobalSection
	GlobalSection(ExtensibilityGlobals) = postSolution
		SolutionGuid = {9D197909-9AEB-4D72-831F-37207ED1B60D}
	EndGlobalSection
EndGlobal
